{
  "name": "graphql-lean",
  "lockfileVersion": 3,
  "requires": true,
  "packages": {
    "": {
      "devDependencies": {
        "graphql": "17.0.1"
      },
      "engines": {
        "node": "^22.0.0 || ^24.0.0 || ^25.0.0 || >=26.0.0"
      }
    },
    "node_modules/graphql": {
      "version": "17.0.1",
      "resolved": "https://registry.npmjs.org/graphql/-/graphql-17.0.1.tgz",
      "integrity": "sha512-8eWbg5Zcv/8o20nzEjHUGPTj20MLFJjc5kagbIPxbaeGxvFwpitJhemEC/k17n5+UD4M/9ea5rTuce78mELujQ==",
      "dev": true,
      "license": "MIT",
      "engines": {
        "node": "^22.0.0 || ^24.0.0 || ^25.0.0 || >=26.0.0"
      }
    }
  }
}
